
Microsoft Visual Studio Solution File, Format Version 12.00
# Visual Studio 15
Project("{FAE04EC0-301F-11D3-BF4B-00C04F79EFBC}") = "SocialSharing", "SocialSharing.csproj", "{0E82C7FB-D1C0-351E-1DFF-99D940E2CAA4}"
EndProject
Global
	GlobalSection(SolutionConfigurationPlatforms) = preSolution
		Debug|Any CPU = Debug|Any CPU
		Release|Any CPU = Release|Any CPU
	EndGlobalSection
	GlobalSection(ProjectConfigurationPlatforms) = postSolution
		{0E82C7FB-D1C0-351E-1DFF-99D940E2CAA4}.Debug|Any CPU.ActiveCfg = Debug|Any CPU
		{0E82C7FB-D1C0-351E-1DFF-99D940E2CAA4}.Debug|Any CPU.Build.0 = Debug|Any CPU
		{0E82C7FB-D1C0-351E-1DFF-99D940E2CAA4}.Release|Any CPU.ActiveCfg = Release|Any CPU
		{0E82C7FB-D1C0-351E-1DFF-99D940E2CAA4}.Release|Any CPU.Build.0 = Release|Any CPU
	EndGlobalSection
	GlobalSection(SolutionProperties) = preSolution
		HideSolutionNode = FALSE
	EndGlobalSection
EndGlobal
